
Microsoft Visual Studio Solution File, Format Version 12.00
# Visual Studio 15
VisualStudioVersion = 15.0.28010.2026
MinimumVisualStudioVersion = 10.0.40219.1
Project("{8BC9CEB8-8B4A-11D0-8D11-00A0C91BC942}") = "graph_BFS", "graph_BFS\graph_BFS.vcxproj", "{4749CBA1-3653-4B9E-9725-22C8928317CB}"
EndProject
Global
	GlobalSection(SolutionConfigurationPlatforms) = preSolution
		Debug|x64 = Debug|x64
		Debug|x86 = Debug|x86
		Release|x64 = Release|x64
		Release|x86 = Release|x86
	EndGlobalSection
	GlobalSection(ProjectConfigurationPlatforms) = postSolution
		{4749CBA1-3653-4B9E-9725-22C8928317CB}.Debug|x64.ActiveCfg = Debug|x64
		{4749CBA1-3653-4B9E-9725-22C8928317CB}.Debug|x64.Build.0 = Debug|x64
		{4749CBA1-3653-4B9E-9725-22C8928317CB}.Debug|x86.ActiveCfg = Debug|Win32
		{4749CBA1-3653-4B9E-9725-22C8928317CB}.Debug|x86.Build.0 = Debug|Win32
		{4749CBA1-3653-4B9E-9725-22C8928317CB}.Release|x64.ActiveCfg = Release|x64
		{4749CBA1-3653-4B9E-9725-22C8928317CB}.Release|x64.Build.0 = Release|x64
		{4749CBA1-3653-4B9E-9725-22C8928317CB}.Release|x86.ActiveCfg = Release|Win32
		{4749CBA1-3653-4B9E-9725-22C8928317CB}.Release|x86.Build.0 = Release|Win32
	EndGlobalSection
	GlobalSection(SolutionProperties) = preSolution
		HideSolutionNode = FALSE
	EndGlobalSection
	GlobalSection(ExtensibilityGlobals) = postSolution
		SolutionGuid = {9574C3CE-3CBF-4A05-8E8C-44F9AAC9E81D}
	EndGlobalSection
EndGlobal
