
Microsoft Visual Studio Solution File, Format Version 12.00
# Visual Studio 15
VisualStudioVersion = 15.0.28010.2026
MinimumVisualStudioVersion = 10.0.40219.1
Project("{8BC9CEB8-8B4A-11D0-8D11-00A0C91BC942}") = "anser_mid_term", "anser_mid_term\anser_mid_term.vcxproj", "{22285672-8F3C-4DDD-8B3F-0F3C2562BB9E}"
EndProject
Global
	GlobalSection(SolutionConfigurationPlatforms) = preSolution
		Debug|x64 = Debug|x64
		Debug|x86 = Debug|x86
		Release|x64 = Release|x64
		Release|x86 = Release|x86
	EndGlobalSection
	GlobalSection(ProjectConfigurationPlatforms) = postSolution
		{22285672-8F3C-4DDD-8B3F-0F3C2562BB9E}.Debug|x64.ActiveCfg = Debug|x64
		{22285672-8F3C-4DDD-8B3F-0F3C2562BB9E}.Debug|x64.Build.0 = Debug|x64
		{22285672-8F3C-4DDD-8B3F-0F3C2562BB9E}.Debug|x86.ActiveCfg = Debug|Win32
		{22285672-8F3C-4DDD-8B3F-0F3C2562BB9E}.Debug|x86.Build.0 = Debug|Win32
		{22285672-8F3C-4DDD-8B3F-0F3C2562BB9E}.Release|x64.ActiveCfg = Release|x64
		{22285672-8F3C-4DDD-8B3F-0F3C2562BB9E}.Release|x64.Build.0 = Release|x64
		{22285672-8F3C-4DDD-8B3F-0F3C2562BB9E}.Release|x86.ActiveCfg = Release|Win32
		{22285672-8F3C-4DDD-8B3F-0F3C2562BB9E}.Release|x86.Build.0 = Release|Win32
	EndGlobalSection
	GlobalSection(SolutionProperties) = preSolution
		HideSolutionNode = FALSE
	EndGlobalSection
	GlobalSection(ExtensibilityGlobals) = postSolution
		SolutionGuid = {3059333C-3785-4049-8605-9679A381F4A3}
	EndGlobalSection
EndGlobal
